// !$*UTF8*$!
{
	archiveVersion = 1;
	classes = {
	};
	objectVersion = 50;
	objects = {

/* Begin PBXBuildFile section */
		8554ACA126AE867C00D1BDC5 /* PostProcessor.cpp in Sources */ = {isa = PBXBuildFile; fileRef = 8554AC9F26AE867C00D1BDC5 /* PostProcessor.cpp */; };
		8588F52826AB8F3E00B55623 /* ParticleGenerator.cpp in Sources */ = {isa = PBXBuildFile; fileRef = 8588F52626AB8F3E00B55623 /* ParticleGenerator.cpp */; };
		85D58BC426997881008DFBD5 /* Shader.cpp in Sources */ = {isa = PBXBuildFile; fileRef = 85F24120269838A300B743F4 /* Shader.cpp */; };
		85D58BC926998104008DFBD5 /* glad.c in Sources */ = {isa = PBXBuildFile; fileRef = 85D58BC8269980FE008DFBD5 /* glad.c */; };
		85D58BCC269A97E2008DFBD5 /* GameObject.cpp in Sources */ = {isa = PBXBuildFile; fileRef = 85D58BCA269A97E2008DFBD5 /* GameObject.cpp */; };
		85D58BD7269A9D38008DFBD5 /* GameLevel.cpp in Sources */ = {isa = PBXBuildFile; fileRef = 85D58BD5269A9D38008DFBD5 /* GameLevel.cpp */; };
		85D58BE1269B0FB3008DFBD5 /* BallObject.cpp in Sources */ = {isa = PBXBuildFile; fileRef = 85D58BDF269B0FB3008DFBD5 /* BallObject.cpp */; };
		85D58BE9269D8087008DFBD5 /* Serializable.cpp in Sources */ = {isa = PBXBuildFile; fileRef = 85D58BE7269D8087008DFBD5 /* Serializable.cpp */; };
		85D58BEC269DA891008DFBD5 /* libboost_serialization.dylib in Frameworks */ = {isa = PBXBuildFile; fileRef = 85D58BEB269DA890008DFBD5 /* libboost_serialization.dylib */; };
		85D58BED269DA891008DFBD5 /* libboost_serialization.dylib in Embed Libraries */ = {isa = PBXBuildFile; fileRef = 85D58BEB269DA890008DFBD5 /* libboost_serialization.dylib */; settings = {ATTRIBUTES = (CodeSignOnCopy, ); }; };
		85D58BEF269DB566008DFBD5 /* libboost_container-mt.dylib in Frameworks */ = {isa = PBXBuildFile; fileRef = 85D58BEE269DB566008DFBD5 /* libboost_container-mt.dylib */; };
		85D58BF0269DB566008DFBD5 /* libboost_container-mt.dylib in Embed Libraries */ = {isa = PBXBuildFile; fileRef = 85D58BEE269DB566008DFBD5 /* libboost_container-mt.dylib */; settings = {ATTRIBUTES = (CodeSignOnCopy, ); }; };
		85D58BF2269DB737008DFBD5 /* libboost_filesystem-mt.dylib in Frameworks */ = {isa = PBXBuildFile; fileRef = 85D58BF1269DB736008DFBD5 /* libboost_filesystem-mt.dylib */; };
		85D58BF3269DB737008DFBD5 /* libboost_filesystem-mt.dylib in Embed Libraries */ = {isa = PBXBuildFile; fileRef = 85D58BF1269DB736008DFBD5 /* libboost_filesystem-mt.dylib */; settings = {ATTRIBUTES = (CodeSignOnCopy, ); }; };
		85D58BF5269DB748008DFBD5 /* libboost_iostreams.dylib in Frameworks */ = {isa = PBXBuildFile; fileRef = 85D58BF4269DB747008DFBD5 /* libboost_iostreams.dylib */; };
		85D58BF6269DB748008DFBD5 /* libboost_iostreams.dylib in Embed Libraries */ = {isa = PBXBuildFile; fileRef = 85D58BF4269DB747008DFBD5 /* libboost_iostreams.dylib */; settings = {ATTRIBUTES = (CodeSignOnCopy, ); }; };
		85F240F92696A4E500B743F4 /* main.cpp in Sources */ = {isa = PBXBuildFile; fileRef = 85F240F82696A4E500B743F4 /* main.cpp */; };
		85F241092696A6CD00B743F4 /* OpenGL.framework in Frameworks */ = {isa = PBXBuildFile; fileRef = 85F241002696A50C00B743F4 /* OpenGL.framework */; };
		85F2410A2696A6D500B743F4 /* libglfw.3.3.dylib in Frameworks */ = {isa = PBXBuildFile; fileRef = 85F241062696A5A200B743F4 /* libglfw.3.3.dylib */; };
		85F2410B2696A6D500B743F4 /* libglfw.3.3.dylib in Embed Libraries */ = {isa = PBXBuildFile; fileRef = 85F241062696A5A200B743F4 /* libglfw.3.3.dylib */; settings = {ATTRIBUTES = (CodeSignOnCopy, ); }; };
		85F2410D2696A6E100B743F4 /* libGLEW.2.2.0.dylib in Frameworks */ = {isa = PBXBuildFile; fileRef = 85F241022696A58A00B743F4 /* libGLEW.2.2.0.dylib */; };
		85F2410E2696A6E100B743F4 /* libGLEW.2.2.0.dylib in Embed Libraries */ = {isa = PBXBuildFile; fileRef = 85F241022696A58A00B743F4 /* libGLEW.2.2.0.dylib */; settings = {ATTRIBUTES = (CodeSignOnCopy, ); }; };
		85F2411D269826D900B743F4 /* Game.cpp in Sources */ = {isa = PBXBuildFile; fileRef = 85F2411B269826D900B743F4 /* Game.cpp */; };
		85F24125269844DE00B743F4 /* Texture.cpp in Sources */ = {isa = PBXBuildFile; fileRef = 85F24123269844DE00B743F4 /* Texture.cpp */; };
		85F2412926984AF600B743F4 /* ResourceManager.cpp in Sources */ = {isa = PBXBuildFile; fileRef = 85F2412726984AF600B743F4 /* ResourceManager.cpp */; };
		85F2412C26986BBD00B743F4 /* stb_image.cpp in Sources */ = {isa = PBXBuildFile; fileRef = 85F2412B26986BBD00B743F4 /* stb_image.cpp */; };
		85F241312699496600B743F4 /* SpriteRenderer.cpp in Sources */ = {isa = PBXBuildFile; fileRef = 85F2412F2699496600B743F4 /* SpriteRenderer.cpp */; };
/* End PBXBuildFile section */

/* Begin PBXCopyFilesBuildPhase section */
		85F240F32696A4E500B743F4 /* CopyFiles */ = {
			isa = PBXCopyFilesBuildPhase;
			buildActionMask = 2147483647;
			dstPath = /usr/share/man/man1/;
			dstSubfolderSpec = 0;
			files = (
			);
			runOnlyForDeploymentPostprocessing = 1;
		};
		85F2410C2696A6D500B743F4 /* Embed Libraries */ = {
			isa = PBXCopyFilesBuildPhase;
			buildActionMask = 2147483647;
			dstPath = "";
			dstSubfolderSpec = 10;
			files = (
				85D58BF6269DB748008DFBD5 /* libboost_iostreams.dylib in Embed Libraries */,
				85F2410B2696A6D500B743F4 /* libglfw.3.3.dylib in Embed Libraries */,
				85F2410E2696A6E100B743F4 /* libGLEW.2.2.0.dylib in Embed Libraries */,
				85D58BED269DA891008DFBD5 /* libboost_serialization.dylib in Embed Libraries */,
				85D58BF3269DB737008DFBD5 /* libboost_filesystem-mt.dylib in Embed Libraries */,
				85D58BF0269DB566008DFBD5 /* libboost_container-mt.dylib in Embed Libraries */,
			);
			name = "Embed Libraries";
			runOnlyForDeploymentPostprocessing = 0;
		};
/* End PBXCopyFilesBuildPhase section */

/* Begin PBXFileReference section */
		8554AC9D26AE773700D1BDC5 /* PP_VertexShader.vertexshader */ = {isa = PBXFileReference; lastKnownFileType = text; path = PP_VertexShader.vertexshader; sourceTree = "<group>"; };
		8554AC9E26AE7B0A00D1BDC5 /* PP_FragmentShader.fragmentshader */ = {isa = PBXFileReference; lastKnownFileType = text; path = PP_FragmentShader.fragmentshader; sourceTree = "<group>"; };
		8554AC9F26AE867C00D1BDC5 /* PostProcessor.cpp */ = {isa = PBXFileReference; lastKnownFileType = sourcecode.cpp.cpp; path = PostProcessor.cpp; sourceTree = "<group>"; };
		8554ACA026AE867C00D1BDC5 /* PostProcessor.hpp */ = {isa = PBXFileReference; lastKnownFileType = sourcecode.cpp.h; path = PostProcessor.hpp; sourceTree = "<group>"; };
		8588F52626AB8F3E00B55623 /* ParticleGenerator.cpp */ = {isa = PBXFileReference; lastKnownFileType = sourcecode.cpp.cpp; path = ParticleGenerator.cpp; sourceTree = "<group>"; };
		8588F52726AB8F3E00B55623 /* ParticleGenerator.hpp */ = {isa = PBXFileReference; lastKnownFileType = sourcecode.cpp.h; path = ParticleGenerator.hpp; sourceTree = "<group>"; };
		8588F52A26ABA68700B55623 /* ParticleVertexShader.vertexshader */ = {isa = PBXFileReference; lastKnownFileType = text; path = ParticleVertexShader.vertexshader; sourceTree = "<group>"; };
		8588F52B26ABA8E200B55623 /* ParticleFragmentShader.fragmentshader */ = {isa = PBXFileReference; lastKnownFileType = text; path = ParticleFragmentShader.fragmentshader; sourceTree = "<group>"; };
		8588F52C26AC055E00B55623 /* particle.png */ = {isa = PBXFileReference; lastKnownFileType = image.png; path = particle.png; sourceTree = "<group>"; };
		85D58BC226996FC7008DFBD5 /* awesomeface.png */ = {isa = PBXFileReference; lastKnownFileType = image.png; path = awesomeface.png; sourceTree = "<group>"; };
		85D58BC8269980FE008DFBD5 /* glad.c */ = {isa = PBXFileReference; lastKnownFileType = sourcecode.c.c; path = glad.c; sourceTree = "<group>"; };
		85D58BCA269A97E2008DFBD5 /* GameObject.cpp */ = {isa = PBXFileReference; lastKnownFileType = sourcecode.cpp.cpp; path = GameObject.cpp; sourceTree = "<group>"; };
		85D58BCB269A97E2008DFBD5 /* GameObject.hpp */ = {isa = PBXFileReference; lastKnownFileType = sourcecode.cpp.h; path = GameObject.hpp; sourceTree = "<group>"; };
		85D58BD3269A9D09008DFBD5 /* block.png */ = {isa = PBXFileReference; lastKnownFileType = image.png; path = block.png; sourceTree = "<group>"; };
		85D58BD4269A9D09008DFBD5 /* block_solid.png */ = {isa = PBXFileReference; lastKnownFileType = image.png; path = block_solid.png; sourceTree = "<group>"; };
		85D58BD5269A9D38008DFBD5 /* GameLevel.cpp */ = {isa = PBXFileReference; lastKnownFileType = sourcecode.cpp.cpp; path = GameLevel.cpp; sourceTree = "<group>"; };
		85D58BD6269A9D38008DFBD5 /* GameLevel.hpp */ = {isa = PBXFileReference; lastKnownFileType = sourcecode.cpp.h; path = GameLevel.hpp; sourceTree = "<group>"; };
		85D58BD8269AAD02008DFBD5 /* paddle.png */ = {isa = PBXFileReference; lastKnownFileType = image.png; path = paddle.png; sourceTree = "<group>"; };
		85D58BD9269AB2E3008DFBD5 /* background.jpeg */ = {isa = PBXFileReference; lastKnownFileType = image.jpeg; path = background.jpeg; sourceTree = "<group>"; };
		85D58BDB269AB48A008DFBD5 /* one.lvl */ = {isa = PBXFileReference; lastKnownFileType = text; path = one.lvl; sourceTree = "<group>"; };
		85D58BDC269AB4CA008DFBD5 /* two.lvl */ = {isa = PBXFileReference; lastKnownFileType = text; path = two.lvl; sourceTree = "<group>"; };
		85D58BDD269AB50F008DFBD5 /* three.lvl */ = {isa = PBXFileReference; lastKnownFileType = text; path = three.lvl; sourceTree = "<group>"; };
		85D58BDE269AB531008DFBD5 /* four.lvl */ = {isa = PBXFileReference; lastKnownFileType = text; path = four.lvl; sourceTree = "<group>"; };
		85D58BDF269B0FB3008DFBD5 /* BallObject.cpp */ = {isa = PBXFileReference; lastKnownFileType = sourcecode.cpp.cpp; path = BallObject.cpp; sourceTree = "<group>"; };
		85D58BE0269B0FB3008DFBD5 /* BallObject.hpp */ = {isa = PBXFileReference; lastKnownFileType = sourcecode.cpp.h; path = BallObject.hpp; sourceTree = "<group>"; };
		85D58BE2269D688F008DFBD5 /* local */ = {isa = PBXFileReference; lastKnownFileType = folder; name = local; path = ../../../../usr/local; sourceTree = "<group>"; };
		85D58BE3269D68CE008DFBD5 /* lib */ = {isa = PBXFileReference; lastKnownFileType = folder; name = lib; path = ../../../../usr/local/Cellar/boost/1.76.0/lib; sourceTree = "<group>"; };
		85D58BE7269D8087008DFBD5 /* Serializable.cpp */ = {isa = PBXFileReference; lastKnownFileType = sourcecode.cpp.cpp; path = Serializable.cpp; sourceTree = "<group>"; };
		85D58BE8269D8087008DFBD5 /* Serializable.hpp */ = {isa = PBXFileReference; lastKnownFileType = sourcecode.cpp.h; path = Serializable.hpp; sourceTree = "<group>"; };
		85D58BEB269DA890008DFBD5 /* libboost_serialization.dylib */ = {isa = PBXFileReference; lastKnownFileType = "compiled.mach-o.dylib"; name = libboost_serialization.dylib; path = ../../../../usr/local/Cellar/boost/1.76.0/lib/libboost_serialization.dylib; sourceTree = "<group>"; };
		85D58BEE269DB566008DFBD5 /* libboost_container-mt.dylib */ = {isa = PBXFileReference; lastKnownFileType = "compiled.mach-o.dylib"; name = "libboost_container-mt.dylib"; path = "../../../../usr/local/Cellar/boost/1.76.0/lib/libboost_container-mt.dylib"; sourceTree = "<group>"; };
		85D58BF1269DB736008DFBD5 /* libboost_filesystem-mt.dylib */ = {isa = PBXFileReference; lastKnownFileType = "compiled.mach-o.dylib"; name = "libboost_filesystem-mt.dylib"; path = "../../../../usr/local/Cellar/boost/1.76.0/lib/libboost_filesystem-mt.dylib"; sourceTree = "<group>"; };
		85D58BF4269DB747008DFBD5 /* libboost_iostreams.dylib */ = {isa = PBXFileReference; lastKnownFileType = "compiled.mach-o.dylib"; name = libboost_iostreams.dylib; path = ../../../../usr/local/Cellar/boost/1.76.0/lib/libboost_iostreams.dylib; sourceTree = "<group>"; };
		85D58BF7269DC89D008DFBD5 /* save.dat */ = {isa = PBXFileReference; fileEncoding = 4; lastKnownFileType = text; path = save.dat; sourceTree = "<group>"; };
		85F240F52696A4E500B743F4 /* opengl_game_prac */ = {isa = PBXFileReference; explicitFileType = "compiled.mach-o.executable"; includeInIndex = 0; path = opengl_game_prac; sourceTree = BUILT_PRODUCTS_DIR; };
		85F240F82696A4E500B743F4 /* main.cpp */ = {isa = PBXFileReference; lastKnownFileType = sourcecode.cpp.cpp; path = main.cpp; sourceTree = "<group>"; };
		85F241002696A50C00B743F4 /* OpenGL.framework */ = {isa = PBXFileReference; lastKnownFileType = wrapper.framework; name = OpenGL.framework; path = System/Library/Frameworks/OpenGL.framework; sourceTree = SDKROOT; };
		85F241022696A58A00B743F4 /* libGLEW.2.2.0.dylib */ = {isa = PBXFileReference; lastKnownFileType = "compiled.mach-o.dylib"; name = libGLEW.2.2.0.dylib; path = ../../../../usr/local/Cellar/glew/2.2.0_1/lib/libGLEW.2.2.0.dylib; sourceTree = "<group>"; };
		85F241062696A5A200B743F4 /* libglfw.3.3.dylib */ = {isa = PBXFileReference; lastKnownFileType = "compiled.mach-o.dylib"; name = libglfw.3.3.dylib; path = ../../../../usr/local/Cellar/glfw/3.3.4/lib/libglfw.3.3.dylib; sourceTree = "<group>"; };
		85F2411B269826D900B743F4 /* Game.cpp */ = {isa = PBXFileReference; lastKnownFileType = sourcecode.cpp.cpp; path = Game.cpp; sourceTree = "<group>"; };
		85F2411C269826D900B743F4 /* Game.hpp */ = {isa = PBXFileReference; lastKnownFileType = sourcecode.cpp.h; path = Game.hpp; sourceTree = "<group>"; };
		85F24120269838A300B743F4 /* Shader.cpp */ = {isa = PBXFileReference; lastKnownFileType = sourcecode.cpp.cpp; path = Shader.cpp; sourceTree = "<group>"; };
		85F24121269838A300B743F4 /* Shader.hpp */ = {isa = PBXFileReference; lastKnownFileType = sourcecode.cpp.h; path = Shader.hpp; sourceTree = "<group>"; };
		85F24123269844DE00B743F4 /* Texture.cpp */ = {isa = PBXFileReference; lastKnownFileType = sourcecode.cpp.cpp; path = Texture.cpp; sourceTree = "<group>"; };
		85F24124269844DE00B743F4 /* Texture.hpp */ = {isa = PBXFileReference; lastKnownFileType = sourcecode.cpp.h; path = Texture.hpp; sourceTree = "<group>"; };
		85F2412726984AF600B743F4 /* ResourceManager.cpp */ = {isa = PBXFileReference; lastKnownFileType = sourcecode.cpp.cpp; path = ResourceManager.cpp; sourceTree = "<group>"; };
		85F2412826984AF600B743F4 /* ResourceManager.hpp */ = {isa = PBXFileReference; lastKnownFileType = sourcecode.cpp.h; path = ResourceManager.hpp; sourceTree = "<group>"; };
		85F2412A269869F000B743F4 /* stb_image.h */ = {isa = PBXFileReference; fileEncoding = 4; lastKnownFileType = sourcecode.c.h; name = stb_image.h; path = ../../stb/stb_image.h; sourceTree = "<group>"; };
		85F2412B26986BBD00B743F4 /* stb_image.cpp */ = {isa = PBXFileReference; lastKnownFileType = sourcecode.cpp.cpp; path = stb_image.cpp; sourceTree = "<group>"; };
		85F2412D2699482C00B743F4 /* VertexShader.vertexshader */ = {isa = PBXFileReference; lastKnownFileType = text; path = VertexShader.vertexshader; sourceTree = "<group>"; };
		85F2412E269948D900B743F4 /* FragmentShader.fragmentshader */ = {isa = PBXFileReference; lastKnownFileType = text; path = FragmentShader.fragmentshader; sourceTree = "<group>"; };
		85F2412F2699496600B743F4 /* SpriteRenderer.cpp */ = {isa = PBXFileReference; lastKnownFileType = sourcecode.cpp.cpp; path = SpriteRenderer.cpp; sourceTree = "<group>"; };
		85F241302699496600B743F4 /* SpriteRenderer.hpp */ = {isa = PBXFileReference; lastKnownFileType = sourcecode.cpp.h; path = SpriteRenderer.hpp; sourceTree = "<group>"; };
/* End PBXFileReference section */

/* Begin PBXFrameworksBuildPhase section */
		85F240F22696A4E500B743F4 /* Frameworks */ = {
			isa = PBXFrameworksBuildPhase;
			buildActionMask = 2147483647;
			files = (
				85F2410A2696A6D500B743F4 /* libglfw.3.3.dylib in Frameworks */,
				85D58BEF269DB566008DFBD5 /* libboost_container-mt.dylib in Frameworks */,
				85D58BF5269DB748008DFBD5 /* libboost_iostreams.dylib in Frameworks */,
				85D58BF2269DB737008DFBD5 /* libboost_filesystem-mt.dylib in Frameworks */,
				85D58BEC269DA891008DFBD5 /* libboost_serialization.dylib in Frameworks */,
				85F2410D2696A6E100B743F4 /* libGLEW.2.2.0.dylib in Frameworks */,
				85F241092696A6CD00B743F4 /* OpenGL.framework in Frameworks */,
			);
			runOnlyForDeploymentPostprocessing = 0;
		};
/* End PBXFrameworksBuildPhase section */

/* Begin PBXGroup section */
		8588F52926ABA64D00B55623 /* Shaders */ = {
			isa = PBXGroup;
			children = (
				85F2412D2699482C00B743F4 /* VertexShader.vertexshader */,
				85F2412E269948D900B743F4 /* FragmentShader.fragmentshader */,
				8588F52A26ABA68700B55623 /* ParticleVertexShader.vertexshader */,
				8588F52B26ABA8E200B55623 /* ParticleFragmentShader.fragmentshader */,
				8554AC9D26AE773700D1BDC5 /* PP_VertexShader.vertexshader */,
				8554AC9E26AE7B0A00D1BDC5 /* PP_FragmentShader.fragmentshader */,
			);
			path = Shaders;
			sourceTree = "<group>";
		};
		85D58BC326996FDC008DFBD5 /* Textures */ = {
			isa = PBXGroup;
			children = (
				8588F52C26AC055E00B55623 /* particle.png */,
				85D58BD9269AB2E3008DFBD5 /* background.jpeg */,
				85D58BD8269AAD02008DFBD5 /* paddle.png */,
				85D58BD4269A9D09008DFBD5 /* block_solid.png */,
				85D58BD3269A9D09008DFBD5 /* block.png */,
				85D58BC226996FC7008DFBD5 /* awesomeface.png */,
			);
			path = Textures;
			sourceTree = "<group>";
		};
		85D58BDA269AB3CC008DFBD5 /* Levels */ = {
			isa = PBXGroup;
			children = (
				85D58BDB269AB48A008DFBD5 /* one.lvl */,
				85D58BDC269AB4CA008DFBD5 /* two.lvl */,
				85D58BDD269AB50F008DFBD5 /* three.lvl */,
				85D58BDE269AB531008DFBD5 /* four.lvl */,
			);
			path = Levels;
			sourceTree = "<group>";
		};
		85D58BEA269D8523008DFBD5 /* Save */ = {
			isa = PBXGroup;
			children = (
				85D58BF7269DC89D008DFBD5 /* save.dat */,
			);
			path = Save;
			sourceTree = "<group>";
		};
		85F240EC2696A4E500B743F4 = {
			isa = PBXGroup;
			children = (
				85F240F72696A4E500B743F4 /* opengl_game_prac */,
				85F240F62696A4E500B743F4 /* Products */,
				85F240FF2696A50C00B743F4 /* Frameworks */,
			);
			sourceTree = "<group>";
		};
		85F240F62696A4E500B743F4 /* Products */ = {
			isa = PBXGroup;
			children = (
				85F240F52696A4E500B743F4 /* opengl_game_prac */,
			);
			name = Products;
			sourceTree = "<group>";
		};
		85F240F72696A4E500B743F4 /* opengl_game_prac */ = {
			isa = PBXGroup;
			children = (
				8588F52926ABA64D00B55623 /* Shaders */,
				85D58BEA269D8523008DFBD5 /* Save */,
				85D58BDA269AB3CC008DFBD5 /* Levels */,
				85D58BC326996FDC008DFBD5 /* Textures */,
				85F2412A269869F000B743F4 /* stb_image.h */,
				85D58BC8269980FE008DFBD5 /* glad.c */,
				85F2412B26986BBD00B743F4 /* stb_image.cpp */,
				85F240F82696A4E500B743F4 /* main.cpp */,
				85F2411B269826D900B743F4 /* Game.cpp */,
				85F2411C269826D900B743F4 /* Game.hpp */,
				85F24120269838A300B743F4 /* Shader.cpp */,
				85F24121269838A300B743F4 /* Shader.hpp */,
				85F24123269844DE00B743F4 /* Texture.cpp */,
				85F24124269844DE00B743F4 /* Texture.hpp */,
				85F2412726984AF600B743F4 /* ResourceManager.cpp */,
				85F2412826984AF600B743F4 /* ResourceManager.hpp */,
				85F2412F2699496600B743F4 /* SpriteRenderer.cpp */,
				85F241302699496600B743F4 /* SpriteRenderer.hpp */,
				85D58BCA269A97E2008DFBD5 /* GameObject.cpp */,
				85D58BCB269A97E2008DFBD5 /* GameObject.hpp */,
				85D58BD5269A9D38008DFBD5 /* GameLevel.cpp */,
				85D58BD6269A9D38008DFBD5 /* GameLevel.hpp */,
				85D58BDF269B0FB3008DFBD5 /* BallObject.cpp */,
				85D58BE0269B0FB3008DFBD5 /* BallObject.hpp */,
				85D58BE7269D8087008DFBD5 /* Serializable.cpp */,
				85D58BE8269D8087008DFBD5 /* Serializable.hpp */,
				8588F52626AB8F3E00B55623 /* ParticleGenerator.cpp */,
				8588F52726AB8F3E00B55623 /* ParticleGenerator.hpp */,
				8554AC9F26AE867C00D1BDC5 /* PostProcessor.cpp */,
				8554ACA026AE867C00D1BDC5 /* PostProcessor.hpp */,
			);
			path = opengl_game_prac;
			sourceTree = "<group>";
		};
		85F240FF2696A50C00B743F4 /* Frameworks */ = {
			isa = PBXGroup;
			children = (
				85D58BF4269DB747008DFBD5 /* libboost_iostreams.dylib */,
				85D58BF1269DB736008DFBD5 /* libboost_filesystem-mt.dylib */,
				85D58BEE269DB566008DFBD5 /* libboost_container-mt.dylib */,
				85D58BEB269DA890008DFBD5 /* libboost_serialization.dylib */,
				85D58BE3269D68CE008DFBD5 /* lib */,
				85D58BE2269D688F008DFBD5 /* local */,
				85F241062696A5A200B743F4 /* libglfw.3.3.dylib */,
				85F241022696A58A00B743F4 /* libGLEW.2.2.0.dylib */,
				85F241002696A50C00B743F4 /* OpenGL.framework */,
			);
			name = Frameworks;
			sourceTree = "<group>";
		};
/* End PBXGroup section */

/* Begin PBXNativeTarget section */
		85F240F42696A4E500B743F4 /* opengl_game_prac */ = {
			isa = PBXNativeTarget;
			buildConfigurationList = 85F240FC2696A4E500B743F4 /* Build configuration list for PBXNativeTarget "opengl_game_prac" */;
			buildPhases = (
				85F240F12696A4E500B743F4 /* Sources */,
				85F240F22696A4E500B743F4 /* Frameworks */,
				85F240F32696A4E500B743F4 /* CopyFiles */,
				85F2410C2696A6D500B743F4 /* Embed Libraries */,
			);
			buildRules = (
			);
			dependencies = (
			);
			name = opengl_game_prac;
			productName = opengl_game_prac;
			productReference = 85F240F52696A4E500B743F4 /* opengl_game_prac */;
			productType = "com.apple.product-type.tool";
		};
/* End PBXNativeTarget section */

/* Begin PBXProject section */
		85F240ED2696A4E500B743F4 /* Project object */ = {
			isa = PBXProject;
			attributes = {
				LastUpgradeCheck = 1250;
				TargetAttributes = {
					85F240F42696A4E500B743F4 = {
						CreatedOnToolsVersion = 12.5;
					};
				};
			};
			buildConfigurationList = 85F240F02696A4E500B743F4 /* Build configuration list for PBXProject "opengl_game_prac" */;
			compatibilityVersion = "Xcode 9.3";
			developmentRegion = en;
			hasScannedForEncodings = 0;
			knownRegions = (
				en,
				Base,
			);
			mainGroup = 85F240EC2696A4E500B743F4;
			productRefGroup = 85F240F62696A4E500B743F4 /* Products */;
			projectDirPath = "";
			projectRoot = "";
			targets = (
				85F240F42696A4E500B743F4 /* opengl_game_prac */,
			);
		};
/* End PBXProject section */

/* Begin PBXSourcesBuildPhase section */
		85F240F12696A4E500B743F4 /* Sources */ = {
			isa = PBXSourcesBuildPhase;
			buildActionMask = 2147483647;
			files = (
				85D58BE9269D8087008DFBD5 /* Serializable.cpp in Sources */,
				8588F52826AB8F3E00B55623 /* ParticleGenerator.cpp in Sources */,
				85D58BD7269A9D38008DFBD5 /* GameLevel.cpp in Sources */,
				85D58BE1269B0FB3008DFBD5 /* BallObject.cpp in Sources */,
				85F24125269844DE00B743F4 /* Texture.cpp in Sources */,
				85F241312699496600B743F4 /* SpriteRenderer.cpp in Sources */,
				85D58BC426997881008DFBD5 /* Shader.cpp in Sources */,
				85F240F92696A4E500B743F4 /* main.cpp in Sources */,
				85F2412C26986BBD00B743F4 /* stb_image.cpp in Sources */,
				85F2411D269826D900B743F4 /* Game.cpp in Sources */,
				8554ACA126AE867C00D1BDC5 /* PostProcessor.cpp in Sources */,
				85F2412926984AF600B743F4 /* ResourceManager.cpp in Sources */,
				85D58BC926998104008DFBD5 /* glad.c in Sources */,
				85D58BCC269A97E2008DFBD5 /* GameObject.cpp in Sources */,
			);
			runOnlyForDeploymentPostprocessing = 0;
		};
/* End PBXSourcesBuildPhase section */

/* Begin XCBuildConfiguration section */
		85F240FA2696A4E500B743F4 /* Debug */ = {
			isa = XCBuildConfiguration;
			buildSettings = {
				ALWAYS_SEARCH_USER_PATHS = NO;
				CLANG_ANALYZER_NONNULL = YES;
				CLANG_ANALYZER_NUMBER_OBJECT_CONVERSION = YES_AGGRESSIVE;
				CLANG_CXX_LANGUAGE_STANDARD = "gnu++14";
				CLANG_CXX_LIBRARY = "libc++";
				CLANG_ENABLE_MODULES = YES;
				CLANG_ENABLE_OBJC_ARC = YES;
				CLANG_ENABLE_OBJC_WEAK = YES;
				CLANG_WARN_BLOCK_CAPTURE_AUTORELEASING = YES;
				CLANG_WARN_BOOL_CONVERSION = YES;
				CLANG_WARN_COMMA = YES;
				CLANG_WARN_CONSTANT_CONVERSION = YES;
				CLANG_WARN_DEPRECATED_OBJC_IMPLEMENTATIONS = YES;
				CLANG_WARN_DIRECT_OBJC_ISA_USAGE = YES_ERROR;
				CLANG_WARN_DOCUMENTATION_COMMENTS = YES;
				CLANG_WARN_EMPTY_BODY = YES;
				CLANG_WARN_ENUM_CONVERSION = YES;
				CLANG_WARN_INFINITE_RECURSION = YES;
				CLANG_WARN_INT_CONVERSION = YES;
				CLANG_WARN_NON_LITERAL_NULL_CONVERSION = YES;
				CLANG_WARN_OBJC_IMPLICIT_RETAIN_SELF = YES;
				CLANG_WARN_OBJC_LITERAL_CONVERSION = YES;
				CLANG_WARN_OBJC_ROOT_CLASS = YES_ERROR;
				CLANG_WARN_QUOTED_INCLUDE_IN_FRAMEWORK_HEADER = YES;
				CLANG_WARN_RANGE_LOOP_ANALYSIS = YES;
				CLANG_WARN_STRICT_PROTOTYPES = YES;
				CLANG_WARN_SUSPICIOUS_MOVE = YES;
				CLANG_WARN_UNGUARDED_AVAILABILITY = YES_AGGRESSIVE;
				CLANG_WARN_UNREACHABLE_CODE = YES;
				CLANG_WARN__DUPLICATE_METHOD_MATCH = YES;
				COPY_PHASE_STRIP = NO;
				DEBUG_INFORMATION_FORMAT = dwarf;
				ENABLE_STRICT_OBJC_MSGSEND = YES;
				ENABLE_TESTABILITY = YES;
				GCC_C_LANGUAGE_STANDARD = gnu11;
				GCC_DYNAMIC_NO_PIC = NO;
				GCC_NO_COMMON_BLOCKS = YES;
				GCC_OPTIMIZATION_LEVEL = 0;
				GCC_PREPROCESSOR_DEFINITIONS = (
					"DEBUG=1",
					"$(inherited)",
				);
				GCC_WARN_64_TO_32_BIT_CONVERSION = YES;
				GCC_WARN_ABOUT_RETURN_TYPE = YES_ERROR;
				GCC_WARN_UNDECLARED_SELECTOR = YES;
				GCC_WARN_UNINITIALIZED_AUTOS = YES_AGGRESSIVE;
				GCC_WARN_UNUSED_FUNCTION = YES;
				GCC_WARN_UNUSED_VARIABLE = YES;
				MACOSX_DEPLOYMENT_TARGET = 11.2;
				MTL_ENABLE_DEBUG_INFO = INCLUDE_SOURCE;
				MTL_FAST_MATH = YES;
				ONLY_ACTIVE_ARCH = YES;
				SDKROOT = macosx;
			};
			name = Debug;
		};
		85F240FB2696A4E500B743F4 /* Release */ = {
			isa = XCBuildConfiguration;
			buildSettings = {
				ALWAYS_SEARCH_USER_PATHS = NO;
				CLANG_ANALYZER_NONNULL = YES;
				CLANG_ANALYZER_NUMBER_OBJECT_CONVERSION = YES_AGGRESSIVE;
				CLANG_CXX_LANGUAGE_STANDARD = "gnu++14";
				CLANG_CXX_LIBRARY = "libc++";
				CLANG_ENABLE_MODULES = YES;
				CLANG_ENABLE_OBJC_ARC = YES;
				CLANG_ENABLE_OBJC_WEAK = YES;
				CLANG_WARN_BLOCK_CAPTURE_AUTORELEASING = YES;
				CLANG_WARN_BOOL_CONVERSION = YES;
				CLANG_WARN_COMMA = YES;
				CLANG_WARN_CONSTANT_CONVERSION = YES;
				CLANG_WARN_DEPRECATED_OBJC_IMPLEMENTATIONS = YES;
				CLANG_WARN_DIRECT_OBJC_ISA_USAGE = YES_ERROR;
				CLANG_WARN_DOCUMENTATION_COMMENTS = YES;
				CLANG_WARN_EMPTY_BODY = YES;
				CLANG_WARN_ENUM_CONVERSION = YES;
				CLANG_WARN_INFINITE_RECURSION = YES;
				CLANG_WARN_INT_CONVERSION = YES;
				CLANG_WARN_NON_LITERAL_NULL_CONVERSION = YES;
				CLANG_WARN_OBJC_IMPLICIT_RETAIN_SELF = YES;
				CLANG_WARN_OBJC_LITERAL_CONVERSION = YES;
				CLANG_WARN_OBJC_ROOT_CLASS = YES_ERROR;
				CLANG_WARN_QUOTED_INCLUDE_IN_FRAMEWORK_HEADER = YES;
				CLANG_WARN_RANGE_LOOP_ANALYSIS = YES;
				CLANG_WARN_STRICT_PROTOTYPES = YES;
				CLANG_WARN_SUSPICIOUS_MOVE = YES;
				CLANG_WARN_UNGUARDED_AVAILABILITY = YES_AGGRESSIVE;
				CLANG_WARN_UNREACHABLE_CODE = YES;
				CLANG_WARN__DUPLICATE_METHOD_MATCH = YES;
				COPY_PHASE_STRIP = NO;
				DEBUG_INFORMATION_FORMAT = "dwarf-with-dsym";
				ENABLE_NS_ASSERTIONS = NO;
				ENABLE_STRICT_OBJC_MSGSEND = YES;
				GCC_C_LANGUAGE_STANDARD = gnu11;
				GCC_NO_COMMON_BLOCKS = YES;
				GCC_WARN_64_TO_32_BIT_CONVERSION = YES;
				GCC_WARN_ABOUT_RETURN_TYPE = YES_ERROR;
				GCC_WARN_UNDECLARED_SELECTOR = YES;
				GCC_WARN_UNINITIALIZED_AUTOS = YES_AGGRESSIVE;
				GCC_WARN_UNUSED_FUNCTION = YES;
				GCC_WARN_UNUSED_VARIABLE = YES;
				MACOSX_DEPLOYMENT_TARGET = 11.2;
				MTL_ENABLE_DEBUG_INFO = NO;
				MTL_FAST_MATH = YES;
				SDKROOT = macosx;
			};
			name = Release;
		};
		85F240FD2696A4E500B743F4 /* Debug */ = {
			isa = XCBuildConfiguration;
			buildSettings = {
				CODE_SIGN_STYLE = Automatic;
				HEADER_SEARCH_PATHS = /usr/local/include;
				LIBRARY_SEARCH_PATHS = (
					"$(inherited)",
					/usr/local/Cellar/glfw/3.3.4/lib,
					/usr/local/Cellar/glew/2.2.0_1/lib,
					/usr/local/Cellar/boost/1.76.0/lib,
				);
				OTHER_LDFLAGS = "";
				PRODUCT_NAME = "$(TARGET_NAME)";
			};
			name = Debug;
		};
		85F240FE2696A4E500B743F4 /* Release */ = {
			isa = XCBuildConfiguration;
			buildSettings = {
				CODE_SIGN_STYLE = Automatic;
				HEADER_SEARCH_PATHS = /usr/local/include;
				LIBRARY_SEARCH_PATHS = (
					"$(inherited)",
					/usr/local/Cellar/glfw/3.3.4/lib,
					/usr/local/Cellar/glew/2.2.0_1/lib,
					/usr/local/Cellar/boost/1.76.0/lib,
				);
				OTHER_LDFLAGS = "";
				PRODUCT_NAME = "$(TARGET_NAME)";
			};
			name = Release;
		};
/* End XCBuildConfiguration section */

/* Begin XCConfigurationList section */
		85F240F02696A4E500B743F4 /* Build configuration list for PBXProject "opengl_game_prac" */ = {
			isa = XCConfigurationList;
			buildConfigurations = (
				85F240FA2696A4E500B743F4 /* Debug */,
				85F240FB2696A4E500B743F4 /* Release */,
			);
			defaultConfigurationIsVisible = 0;
			defaultConfigurationName = Release;
		};
		85F240FC2696A4E500B743F4 /* Build configuration list for PBXNativeTarget "opengl_game_prac" */ = {
			isa = XCConfigurationList;
			buildConfigurations = (
				85F240FD2696A4E500B743F4 /* Debug */,
				85F240FE2696A4E500B743F4 /* Release */,
			);
			defaultConfigurationIsVisible = 0;
			defaultConfigurationName = Release;
		};
/* End XCConfigurationList section */
	};
	rootObject = 85F240ED2696A4E500B743F4 /* Project object */;
}
